
Microsoft Visual Studio Solution File, Format Version 12.00
# Visual Studio Version 17
VisualStudioVersion = 17.10.34928.147
MinimumVisualStudioVersion = 10.0.40219.1
Project("{FAE04EC0-301F-11D3-BF4B-00C04F79EFBC}") = "FireSpirit", "FireSpirit\FireSpirit.csproj", "{9548BBFF-30F1-4E00-B790-748CE4D63312}"
EndProject
Global
	GlobalSection(SolutionConfigurationPlatforms) = preSolution
		Debug|Any CPU = Debug|Any CPU
		Release|Any CPU = Release|Any CPU
	EndGlobalSection
	GlobalSection(ProjectConfigurationPlatforms) = postSolution
		{9548BBFF-30F1-4E00-B790-748CE4D63312}.Debug|Any CPU.ActiveCfg = Debug|Any CPU
		{9548BBFF-30F1-4E00-B790-748CE4D63312}.Debug|Any CPU.Build.0 = Debug|Any CPU
		{9548BBFF-30F1-4E00-B790-748CE4D63312}.Release|Any CPU.ActiveCfg = Release|Any CPU
		{9548BBFF-30F1-4E00-B790-748CE4D63312}.Release|Any CPU.Build.0 = Release|Any CPU
	EndGlobalSection
	GlobalSection(SolutionProperties) = preSolution
		HideSolutionNode = FALSE
	EndGlobalSection
	GlobalSection(ExtensibilityGlobals) = postSolution
		SolutionGuid = {F28A9300-F5EC-4D41-9782-4118AD080F59}
	EndGlobalSection
EndGlobal
