
Microsoft Visual Studio Solution File, Format Version 12.00
# Visual Studio Version 17
VisualStudioVersion = 17.5.33424.131
MinimumVisualStudioVersion = 10.0.40219.1
Project("{9A19103F-16F7-4668-BE54-9A1E7A4F7556}") = "SAE24 Théo LUTHIN TP4", "SAE24 Théo LUTHIN TP4.csproj", "{807C846E-F1DA-4F46-BFC9-3B1EC9A4EA04}"
EndProject
Project("{FAE04EC0-301F-11D3-BF4B-00C04F79EFBC}") = "SAE24 Théo LUTHIN TP4 pt2", "..\SAE24 Théo LUTHIN TP4 pt2\SAE24 Théo LUTHIN TP4 pt2.csproj", "{D9E2FE86-5B15-4CCB-9C51-972508DB586E}"
EndProject
Global
	GlobalSection(SolutionConfigurationPlatforms) = preSolution
		Debug|Any CPU = Debug|Any CPU
		Release|Any CPU = Release|Any CPU
	EndGlobalSection
	GlobalSection(ProjectConfigurationPlatforms) = postSolution
		{807C846E-F1DA-4F46-BFC9-3B1EC9A4EA04}.Debug|Any CPU.ActiveCfg = Debug|Any CPU
		{807C846E-F1DA-4F46-BFC9-3B1EC9A4EA04}.Debug|Any CPU.Build.0 = Debug|Any CPU
		{807C846E-F1DA-4F46-BFC9-3B1EC9A4EA04}.Release|Any CPU.ActiveCfg = Release|Any CPU
		{807C846E-F1DA-4F46-BFC9-3B1EC9A4EA04}.Release|Any CPU.Build.0 = Release|Any CPU
		{D9E2FE86-5B15-4CCB-9C51-972508DB586E}.Debug|Any CPU.ActiveCfg = Debug|Any CPU
		{D9E2FE86-5B15-4CCB-9C51-972508DB586E}.Debug|Any CPU.Build.0 = Debug|Any CPU
		{D9E2FE86-5B15-4CCB-9C51-972508DB586E}.Release|Any CPU.ActiveCfg = Release|Any CPU
		{D9E2FE86-5B15-4CCB-9C51-972508DB586E}.Release|Any CPU.Build.0 = Release|Any CPU
	EndGlobalSection
	GlobalSection(SolutionProperties) = preSolution
		HideSolutionNode = FALSE
	EndGlobalSection
	GlobalSection(ExtensibilityGlobals) = postSolution
		SolutionGuid = {95DB556F-DF26-4F48-8F8C-BBE4E7A3EDFE}
	EndGlobalSection
EndGlobal
